
Microsoft Visual Studio Solution File, Format Version 12.00
# Visual Studio Version 16
VisualStudioVersion = 16.0.29306.81
MinimumVisualStudioVersion = 10.0.40219.1
Project("{FAE04EC0-301F-11D3-BF4B-00C04F79EFBC}") = "StoneMask", "StoneMask\StoneMask.csproj", "{38BDCF11-15F2-4550-A205-EBA69A9E4CD5}"
EndProject
Global
	GlobalSection(SolutionConfigurationPlatforms) = preSolution
		Debug|Any CPU = Debug|Any CPU
		Debug|x64 = Debug|x64
		Debug|x86 = Debug|x86
		Debug-CUDA|Any CPU = Debug-CUDA|Any CPU
		Debug-CUDA|x64 = Debug-CUDA|x64
		Debug-CUDA|x86 = Debug-CUDA|x86
		Release|Any CPU = Release|Any CPU
		Release|x64 = Release|x64
		Release|x86 = Release|x86
		Release-CUDA|Any CPU = Release-CUDA|Any CPU
		Release-CUDA|x64 = Release-CUDA|x64
		Release-CUDA|x86 = Release-CUDA|x86
	EndGlobalSection
	GlobalSection(ProjectConfigurationPlatforms) = postSolution
		{38BDCF11-15F2-4550-A205-EBA69A9E4CD5}.Debug|Any CPU.ActiveCfg = Debug|Any CPU
		{38BDCF11-15F2-4550-A205-EBA69A9E4CD5}.Debug|Any CPU.Build.0 = Debug|Any CPU
		{38BDCF11-15F2-4550-A205-EBA69A9E4CD5}.Debug|x64.ActiveCfg = Debug|Any CPU
		{38BDCF11-15F2-4550-A205-EBA69A9E4CD5}.Debug|x64.Build.0 = Debug|Any CPU
		{38BDCF11-15F2-4550-A205-EBA69A9E4CD5}.Debug|x86.ActiveCfg = Debug|Any CPU
		{38BDCF11-15F2-4550-A205-EBA69A9E4CD5}.Debug|x86.Build.0 = Debug|Any CPU
		{38BDCF11-15F2-4550-A205-EBA69A9E4CD5}.Debug-CUDA|Any CPU.ActiveCfg = Debug|Any CPU
		{38BDCF11-15F2-4550-A205-EBA69A9E4CD5}.Debug-CUDA|Any CPU.Build.0 = Debug|Any CPU
		{38BDCF11-15F2-4550-A205-EBA69A9E4CD5}.Debug-CUDA|x64.ActiveCfg = Debug|Any CPU
		{38BDCF11-15F2-4550-A205-EBA69A9E4CD5}.Debug-CUDA|x64.Build.0 = Debug|Any CPU
		{38BDCF11-15F2-4550-A205-EBA69A9E4CD5}.Debug-CUDA|x86.ActiveCfg = Debug|Any CPU
		{38BDCF11-15F2-4550-A205-EBA69A9E4CD5}.Debug-CUDA|x86.Build.0 = Debug|Any CPU
		{38BDCF11-15F2-4550-A205-EBA69A9E4CD5}.Release|Any CPU.ActiveCfg = Release|Any CPU
		{38BDCF11-15F2-4550-A205-EBA69A9E4CD5}.Release|Any CPU.Build.0 = Release|Any CPU
		{38BDCF11-15F2-4550-A205-EBA69A9E4CD5}.Release|x64.ActiveCfg = Release|Any CPU
		{38BDCF11-15F2-4550-A205-EBA69A9E4CD5}.Release|x64.Build.0 = Release|Any CPU
		{38BDCF11-15F2-4550-A205-EBA69A9E4CD5}.Release|x86.ActiveCfg = Release|Any CPU
		{38BDCF11-15F2-4550-A205-EBA69A9E4CD5}.Release|x86.Build.0 = Release|Any CPU
		{38BDCF11-15F2-4550-A205-EBA69A9E4CD5}.Release-CUDA|Any CPU.ActiveCfg = Release|Any CPU
		{38BDCF11-15F2-4550-A205-EBA69A9E4CD5}.Release-CUDA|Any CPU.Build.0 = Release|Any CPU
		{38BDCF11-15F2-4550-A205-EBA69A9E4CD5}.Release-CUDA|x64.ActiveCfg = Release|Any CPU
		{38BDCF11-15F2-4550-A205-EBA69A9E4CD5}.Release-CUDA|x64.Build.0 = Release|Any CPU
		{38BDCF11-15F2-4550-A205-EBA69A9E4CD5}.Release-CUDA|x86.ActiveCfg = Release|Any CPU
		{38BDCF11-15F2-4550-A205-EBA69A9E4CD5}.Release-CUDA|x86.Build.0 = Release|Any CPU
	EndGlobalSection
	GlobalSection(SolutionProperties) = preSolution
		HideSolutionNode = FALSE
	EndGlobalSection
	GlobalSection(ExtensibilityGlobals) = postSolution
		SolutionGuid = {04B9E900-1D37-4694-8764-83FDF4D90D0B}
	EndGlobalSection
EndGlobal
